
Microsoft Visual Studio Solution File, Format Version 10.00
# Visual Studio 2008
Project("{FAE04EC0-301F-11D3-BF4B-00C04F79EFBC}") = "AtBSanntid", "AtBSanntid\AtBSanntid.csproj", "{3DCC992F-F0E9-465D-ACAE-D9C0380ABF66}"
EndProject
Project("{FAE04EC0-301F-11D3-BF4B-00C04F79EFBC}") = "iPhoneUI", "iPhoneUI\iPhoneUI.csproj", "{28212E69-B40A-44A9-954A-3F64554AC224}"
EndProject
Project("{FAE04EC0-301F-11D3-BF4B-00C04F79EFBC}") = "Core", "Core\Core.csproj", "{7998A5BF-AB14-49D0-96BA-4BF466BF1091}"
EndProject
Global
	GlobalSection(SolutionConfigurationPlatforms) = preSolution
		Debug|iPhoneSimulator = Debug|iPhoneSimulator
		Release|iPhoneSimulator = Release|iPhoneSimulator
		Debug|iPhone = Debug|iPhone
		Release|iPhone = Release|iPhone
	EndGlobalSection
	GlobalSection(ProjectConfigurationPlatforms) = postSolution
		{28212E69-B40A-44A9-954A-3F64554AC224}.Debug|iPhone.ActiveCfg = Debug|iPhone
		{28212E69-B40A-44A9-954A-3F64554AC224}.Debug|iPhone.Build.0 = Debug|iPhone
		{28212E69-B40A-44A9-954A-3F64554AC224}.Debug|iPhoneSimulator.ActiveCfg = Debug|iPhoneSimulator
		{28212E69-B40A-44A9-954A-3F64554AC224}.Debug|iPhoneSimulator.Build.0 = Debug|iPhoneSimulator
		{28212E69-B40A-44A9-954A-3F64554AC224}.Release|iPhone.ActiveCfg = Release|iPhone
		{28212E69-B40A-44A9-954A-3F64554AC224}.Release|iPhone.Build.0 = Release|iPhone
		{28212E69-B40A-44A9-954A-3F64554AC224}.Release|iPhoneSimulator.ActiveCfg = Release|iPhoneSimulator
		{28212E69-B40A-44A9-954A-3F64554AC224}.Release|iPhoneSimulator.Build.0 = Release|iPhoneSimulator
		{3DCC992F-F0E9-465D-ACAE-D9C0380ABF66}.Debug|iPhone.ActiveCfg = Debug|iPhone
		{3DCC992F-F0E9-465D-ACAE-D9C0380ABF66}.Debug|iPhone.Build.0 = Debug|iPhone
		{3DCC992F-F0E9-465D-ACAE-D9C0380ABF66}.Debug|iPhoneSimulator.ActiveCfg = Debug|iPhoneSimulator
		{3DCC992F-F0E9-465D-ACAE-D9C0380ABF66}.Debug|iPhoneSimulator.Build.0 = Debug|iPhoneSimulator
		{3DCC992F-F0E9-465D-ACAE-D9C0380ABF66}.Release|iPhone.ActiveCfg = Release|iPhone
		{3DCC992F-F0E9-465D-ACAE-D9C0380ABF66}.Release|iPhone.Build.0 = Release|iPhone
		{3DCC992F-F0E9-465D-ACAE-D9C0380ABF66}.Release|iPhoneSimulator.ActiveCfg = Release|iPhoneSimulator
		{3DCC992F-F0E9-465D-ACAE-D9C0380ABF66}.Release|iPhoneSimulator.Build.0 = Release|iPhoneSimulator
		{7998A5BF-AB14-49D0-96BA-4BF466BF1091}.Debug|iPhone.ActiveCfg = Debug|iPhone
		{7998A5BF-AB14-49D0-96BA-4BF466BF1091}.Debug|iPhone.Build.0 = Debug|iPhone
		{7998A5BF-AB14-49D0-96BA-4BF466BF1091}.Debug|iPhoneSimulator.ActiveCfg = Debug|iPhoneSimulator
		{7998A5BF-AB14-49D0-96BA-4BF466BF1091}.Debug|iPhoneSimulator.Build.0 = Debug|iPhoneSimulator
		{7998A5BF-AB14-49D0-96BA-4BF466BF1091}.Release|iPhone.ActiveCfg = Release|iPhone
		{7998A5BF-AB14-49D0-96BA-4BF466BF1091}.Release|iPhone.Build.0 = Release|iPhone
		{7998A5BF-AB14-49D0-96BA-4BF466BF1091}.Release|iPhoneSimulator.ActiveCfg = Release|iPhoneSimulator
		{7998A5BF-AB14-49D0-96BA-4BF466BF1091}.Release|iPhoneSimulator.Build.0 = Release|iPhoneSimulator
	EndGlobalSection
	GlobalSection(MonoDevelopProperties) = preSolution
		StartupItem = iPhoneUI\iPhoneUI.csproj
	EndGlobalSection
EndGlobal
