
Microsoft Visual Studio Solution File, Format Version 10.00
# Visual Studio 2008
Project("{FAE04EC0-301F-11D3-BF4B-00C04F79EFBC}") = "Json.net", "Json.net\Json.net.csproj", "{A0357D03-44B4-4CB8-B9CA-59B5A105B51E}"
EndProject
Project("{FAE04EC0-301F-11D3-BF4B-00C04F79EFBC}") = "GpsTool", "GpsTool\GpsTool.csproj", "{C5002037-18B0-4394-B517-83DF3593091A}"
EndProject
Project("{FAE04EC0-301F-11D3-BF4B-00C04F79EFBC}") = "iPhoneUI", "iPhoneUI\iPhoneUI.csproj", "{28212E69-B40A-44A9-954A-3F64554AC224}"
EndProject
Project("{FAE04EC0-301F-11D3-BF4B-00C04F79EFBC}") = "Core", "Core\Core.csproj", "{3D0B3B6B-0BBA-4FF9-A963-12D564BC75C3}"
EndProject
Project("{FAE04EC0-301F-11D3-BF4B-00C04F79EFBC}") = "MonoTouch.Extensions", "MonoTouch.Extensions\MonoTouch.Extensions\MonoTouch.Extensions.csproj", "{19D27A1B-6A53-42A8-AE91-A2D51A26FF04}"
EndProject
Global
	GlobalSection(SolutionConfigurationPlatforms) = preSolution
		Debug|iPhoneSimulator = Debug|iPhoneSimulator
		Release|iPhoneSimulator = Release|iPhoneSimulator
		Debug|iPhone = Debug|iPhone
		Release|iPhone = Release|iPhone
		Ad Hoc Distribution|iPhone = Ad Hoc Distribution|iPhone
	EndGlobalSection
	GlobalSection(ProjectConfigurationPlatforms) = postSolution
		{19D27A1B-6A53-42A8-AE91-A2D51A26FF04}.Ad Hoc Distribution|iPhone.ActiveCfg = Ad Hoc Distribution|iPhone
		{19D27A1B-6A53-42A8-AE91-A2D51A26FF04}.Ad Hoc Distribution|iPhone.Build.0 = Ad Hoc Distribution|iPhone
		{19D27A1B-6A53-42A8-AE91-A2D51A26FF04}.Debug|iPhone.ActiveCfg = Debug|iPhone
		{19D27A1B-6A53-42A8-AE91-A2D51A26FF04}.Debug|iPhone.Build.0 = Debug|iPhone
		{19D27A1B-6A53-42A8-AE91-A2D51A26FF04}.Debug|iPhoneSimulator.ActiveCfg = Debug|iPhoneSimulator
		{19D27A1B-6A53-42A8-AE91-A2D51A26FF04}.Debug|iPhoneSimulator.Build.0 = Debug|iPhoneSimulator
		{19D27A1B-6A53-42A8-AE91-A2D51A26FF04}.Release|iPhone.ActiveCfg = Release|iPhone
		{19D27A1B-6A53-42A8-AE91-A2D51A26FF04}.Release|iPhone.Build.0 = Release|iPhone
		{19D27A1B-6A53-42A8-AE91-A2D51A26FF04}.Release|iPhoneSimulator.ActiveCfg = Release|iPhoneSimulator
		{19D27A1B-6A53-42A8-AE91-A2D51A26FF04}.Release|iPhoneSimulator.Build.0 = Release|iPhoneSimulator
		{28212E69-B40A-44A9-954A-3F64554AC224}.Ad Hoc Distribution|iPhone.ActiveCfg = Debug|iPhone
		{28212E69-B40A-44A9-954A-3F64554AC224}.Ad Hoc Distribution|iPhone.Build.0 = Debug|iPhone
		{28212E69-B40A-44A9-954A-3F64554AC224}.Debug|iPhone.ActiveCfg = Debug|iPhone
		{28212E69-B40A-44A9-954A-3F64554AC224}.Debug|iPhone.Build.0 = Debug|iPhone
		{28212E69-B40A-44A9-954A-3F64554AC224}.Debug|iPhoneSimulator.ActiveCfg = Debug|iPhoneSimulator
		{28212E69-B40A-44A9-954A-3F64554AC224}.Debug|iPhoneSimulator.Build.0 = Debug|iPhoneSimulator
		{28212E69-B40A-44A9-954A-3F64554AC224}.Release|iPhone.ActiveCfg = Release|iPhone
		{28212E69-B40A-44A9-954A-3F64554AC224}.Release|iPhone.Build.0 = Release|iPhone
		{28212E69-B40A-44A9-954A-3F64554AC224}.Release|iPhoneSimulator.ActiveCfg = Release|iPhoneSimulator
		{28212E69-B40A-44A9-954A-3F64554AC224}.Release|iPhoneSimulator.Build.0 = Release|iPhoneSimulator
		{3D0B3B6B-0BBA-4FF9-A963-12D564BC75C3}.Ad Hoc Distribution|iPhone.ActiveCfg = Debug|iPhone
		{3D0B3B6B-0BBA-4FF9-A963-12D564BC75C3}.Ad Hoc Distribution|iPhone.Build.0 = Debug|iPhone
		{3D0B3B6B-0BBA-4FF9-A963-12D564BC75C3}.Debug|iPhone.ActiveCfg = Debug|iPhone
		{3D0B3B6B-0BBA-4FF9-A963-12D564BC75C3}.Debug|iPhone.Build.0 = Debug|iPhone
		{3D0B3B6B-0BBA-4FF9-A963-12D564BC75C3}.Debug|iPhoneSimulator.ActiveCfg = Debug|iPhoneSimulator
		{3D0B3B6B-0BBA-4FF9-A963-12D564BC75C3}.Debug|iPhoneSimulator.Build.0 = Debug|iPhoneSimulator
		{3D0B3B6B-0BBA-4FF9-A963-12D564BC75C3}.Release|iPhone.ActiveCfg = Release|iPhone
		{3D0B3B6B-0BBA-4FF9-A963-12D564BC75C3}.Release|iPhone.Build.0 = Release|iPhone
		{3D0B3B6B-0BBA-4FF9-A963-12D564BC75C3}.Release|iPhoneSimulator.ActiveCfg = Release|iPhoneSimulator
		{3D0B3B6B-0BBA-4FF9-A963-12D564BC75C3}.Release|iPhoneSimulator.Build.0 = Release|iPhoneSimulator
		{A0357D03-44B4-4CB8-B9CA-59B5A105B51E}.Ad Hoc Distribution|iPhone.ActiveCfg = Ad Hoc Distribution|iPhone
		{A0357D03-44B4-4CB8-B9CA-59B5A105B51E}.Ad Hoc Distribution|iPhone.Build.0 = Ad Hoc Distribution|iPhone
		{A0357D03-44B4-4CB8-B9CA-59B5A105B51E}.Debug|iPhone.ActiveCfg = Debug|iPhone
		{A0357D03-44B4-4CB8-B9CA-59B5A105B51E}.Debug|iPhone.Build.0 = Debug|iPhone
		{A0357D03-44B4-4CB8-B9CA-59B5A105B51E}.Debug|iPhoneSimulator.ActiveCfg = Debug|iPhoneSimulator
		{A0357D03-44B4-4CB8-B9CA-59B5A105B51E}.Debug|iPhoneSimulator.Build.0 = Debug|iPhoneSimulator
		{A0357D03-44B4-4CB8-B9CA-59B5A105B51E}.Release|iPhone.ActiveCfg = Release|iPhone
		{A0357D03-44B4-4CB8-B9CA-59B5A105B51E}.Release|iPhone.Build.0 = Release|iPhone
		{A0357D03-44B4-4CB8-B9CA-59B5A105B51E}.Release|iPhoneSimulator.ActiveCfg = Release|iPhoneSimulator
		{A0357D03-44B4-4CB8-B9CA-59B5A105B51E}.Release|iPhoneSimulator.Build.0 = Release|iPhoneSimulator
		{C5002037-18B0-4394-B517-83DF3593091A}.Ad Hoc Distribution|iPhone.ActiveCfg = Debug|iPhone
		{C5002037-18B0-4394-B517-83DF3593091A}.Ad Hoc Distribution|iPhone.Build.0 = Debug|iPhone
		{C5002037-18B0-4394-B517-83DF3593091A}.Debug|iPhone.ActiveCfg = Debug|iPhone
		{C5002037-18B0-4394-B517-83DF3593091A}.Debug|iPhone.Build.0 = Debug|iPhone
		{C5002037-18B0-4394-B517-83DF3593091A}.Debug|iPhoneSimulator.ActiveCfg = Debug|iPhoneSimulator
		{C5002037-18B0-4394-B517-83DF3593091A}.Debug|iPhoneSimulator.Build.0 = Debug|iPhoneSimulator
		{C5002037-18B0-4394-B517-83DF3593091A}.Release|iPhone.ActiveCfg = Release|iPhone
		{C5002037-18B0-4394-B517-83DF3593091A}.Release|iPhone.Build.0 = Release|iPhone
		{C5002037-18B0-4394-B517-83DF3593091A}.Release|iPhoneSimulator.ActiveCfg = Release|iPhoneSimulator
		{C5002037-18B0-4394-B517-83DF3593091A}.Release|iPhoneSimulator.Build.0 = Release|iPhoneSimulator
	EndGlobalSection
	GlobalSection(MonoDevelopProperties) = preSolution
		StartupItem = iPhoneUI\iPhoneUI.csproj
		Policies = $0
		$0.DotNetNamingPolicy = $1
		$1.DirectoryNamespaceAssociation = None
		$1.ResourceNamePolicy = FileFormatDefault
		$0.TextStylePolicy = $2
		$2.FileWidth = 120
		$2.TabWidth = 4
		$2.inheritsSet = Mono
		$2.inheritsScope = text/plain
		$2.scope = text/plain
		$0.TextStylePolicy = $3
		$3.inheritsSet = null
		$3.scope = text/x-csharp
		$0.CSharpFormattingPolicy = $4
		$4.inheritsSet = Mono
		$4.inheritsScope = text/x-csharp
		$4.scope = text/x-csharp
		$0.StandardHeader = $5
		$5.Text = 
		$5.inheritsSet = Apache2License
		$0.VersionControlPolicy = $6
		$6.inheritsSet = Mono
	EndGlobalSection
EndGlobal
